
Microsoft Visual Studio Solution File, Format Version 12.00
# Visual Studio 2012
Project("{FAE04EC0-301F-11D3-BF4B-00C04F79EFBC}") = "AlphaTest", "AlphaTest\AlphaTest.csproj", "{A861FDEF-A14C-4F2A-B044-EEC9E85E9991}"
EndProject
Global
	GlobalSection(SolutionConfigurationPlatforms) = preSolution
		Debug|Any CPU = Debug|Any CPU
		Release|Any CPU = Release|Any CPU
	EndGlobalSection
	GlobalSection(ProjectConfigurationPlatforms) = postSolution
		{A861FDEF-A14C-4F2A-B044-EEC9E85E9991}.Debug|Any CPU.ActiveCfg = Debug|Any CPU
		{A861FDEF-A14C-4F2A-B044-EEC9E85E9991}.Debug|Any CPU.Build.0 = Debug|Any CPU
		{A861FDEF-A14C-4F2A-B044-EEC9E85E9991}.Release|Any CPU.ActiveCfg = Release|Any CPU
		{A861FDEF-A14C-4F2A-B044-EEC9E85E9991}.Release|Any CPU.Build.0 = Release|Any CPU
	EndGlobalSection
	GlobalSection(SolutionProperties) = preSolution
		HideSolutionNode = FALSE
	EndGlobalSection
EndGlobal
